
Microsoft Visual Studio Solution File, Format Version 12.00
# Visual Studio Version 17
VisualStudioVersion = 17.8.34309.116
MinimumVisualStudioVersion = 10.0.40219.1
Project("{FAE04EC0-301F-11D3-BF4B-00C04F79EFBC}") = "FitnessTracker.API", "FitnessTracker.API\FitnessTracker.API.csproj", "{73A4DF76-5622-415A-BA79-EA829BC0290E}"
EndProject
Project("{FAE04EC0-301F-11D3-BF4B-00C04F79EFBC}") = "FitnessTracker.DAL", "FitnessTracker.DAL\FitnessTracker.DAL.csproj", "{4621F2E8-92F6-4821-B9C3-8708DFF4E33E}"
EndProject
Global
	GlobalSection(SolutionConfigurationPlatforms) = preSolution
		Debug|Any CPU = Debug|Any CPU
		Release|Any CPU = Release|Any CPU
	EndGlobalSection
	GlobalSection(ProjectConfigurationPlatforms) = postSolution
		{73A4DF76-5622-415A-BA79-EA829BC0290E}.Debug|Any CPU.ActiveCfg = Debug|Any CPU
		{73A4DF76-5622-415A-BA79-EA829BC0290E}.Debug|Any CPU.Build.0 = Debug|Any CPU
		{73A4DF76-5622-415A-BA79-EA829BC0290E}.Release|Any CPU.ActiveCfg = Release|Any CPU
		{73A4DF76-5622-415A-BA79-EA829BC0290E}.Release|Any CPU.Build.0 = Release|Any CPU
		{4621F2E8-92F6-4821-B9C3-8708DFF4E33E}.Debug|Any CPU.ActiveCfg = Debug|Any CPU
		{4621F2E8-92F6-4821-B9C3-8708DFF4E33E}.Debug|Any CPU.Build.0 = Debug|Any CPU
		{4621F2E8-92F6-4821-B9C3-8708DFF4E33E}.Release|Any CPU.ActiveCfg = Release|Any CPU
		{4621F2E8-92F6-4821-B9C3-8708DFF4E33E}.Release|Any CPU.Build.0 = Release|Any CPU
	EndGlobalSection
	GlobalSection(SolutionProperties) = preSolution
		HideSolutionNode = FALSE
	EndGlobalSection
	GlobalSection(ExtensibilityGlobals) = postSolution
		SolutionGuid = {6F18FF85-22FA-4C2D-8D72-D01D1C9851C7}
	EndGlobalSection
EndGlobal
